// !$*UTF8*$!
{
	archiveVersion = 1;
	classes = {
	};
	objectVersion = 46;
	objects = {

/* Begin PBXBuildFile section */
		2E99E9EA1CAB45F600E10667 /* AppDelegate.swift in Sources */ = {isa = PBXBuildFile; fileRef = 2E99E9E91CAB45F600E10667 /* AppDelegate.swift */; };
		2E99E9EC1CAB45F600E10667 /* MainMenuController.swift in Sources */ = {isa = PBXBuildFile; fileRef = 2E99E9EB1CAB45F600E10667 /* MainMenuController.swift */; };
		2E99E9EF1CAB45F600E10667 /* Main.storyboard in Resources */ = {isa = PBXBuildFile; fileRef = 2E99E9ED1CAB45F600E10667 /* Main.storyboard */; };
		2E99E9F11CAB45F600E10667 /* Assets.xcassets in Resources */ = {isa = PBXBuildFile; fileRef = 2E99E9F01CAB45F600E10667 /* Assets.xcassets */; };
		2E99E9F41CAB45F600E10667 /* LaunchScreen.storyboard in Resources */ = {isa = PBXBuildFile; fileRef = 2E99E9F21CAB45F600E10667 /* LaunchScreen.storyboard */; };
		2E99E9FE1CAB4A1200E10667 /* MainModule.swift in Sources */ = {isa = PBXBuildFile; fileRef = 2E99E9FD1CAB4A1200E10667 /* MainModule.swift */; };
		2E99EA001CAB4FBC00E10667 /* MapViewController.swift in Sources */ = {isa = PBXBuildFile; fileRef = 2E99E9FF1CAB4FBC00E10667 /* MapViewController.swift */; };
/* End PBXBuildFile section */

/* Begin PBXFileReference section */
		2E99E9E61CAB45F600E10667 /* MapTracer.app */ = {isa = PBXFileReference; explicitFileType = wrapper.application; includeInIndex = 0; path = MapTracer.app; sourceTree = BUILT_PRODUCTS_DIR; };
		2E99E9E91CAB45F600E10667 /* AppDelegate.swift */ = {isa = PBXFileReference; lastKnownFileType = sourcecode.swift; path = AppDelegate.swift; sourceTree = "<group>"; };
		2E99E9EB1CAB45F600E10667 /* MainMenuController.swift */ = {isa = PBXFileReference; lastKnownFileType = sourcecode.swift; path = MainMenuController.swift; sourceTree = "<group>"; };
		2E99E9EE1CAB45F600E10667 /* Base */ = {isa = PBXFileReference; lastKnownFileType = file.storyboard; name = Base; path = Base.lproj/Main.storyboard; sourceTree = "<group>"; };
		2E99E9F01CAB45F600E10667 /* Assets.xcassets */ = {isa = PBXFileReference; lastKnownFileType = folder.assetcatalog; path = Assets.xcassets; sourceTree = "<group>"; };
		2E99E9F31CAB45F600E10667 /* Base */ = {isa = PBXFileReference; lastKnownFileType = file.storyboard; name = Base; path = Base.lproj/LaunchScreen.storyboard; sourceTree = "<group>"; };
		2E99E9F51CAB45F600E10667 /* Info.plist */ = {isa = PBXFileReference; lastKnownFileType = text.plist.xml; path = Info.plist; sourceTree = "<group>"; };
		2E99E9FD1CAB4A1200E10667 /* MainModule.swift */ = {isa = PBXFileReference; fileEncoding = 4; lastKnownFileType = sourcecode.swift; path = MainModule.swift; sourceTree = "<group>"; };
		2E99E9FF1CAB4FBC00E10667 /* MapViewController.swift */ = {isa = PBXFileReference; fileEncoding = 4; lastKnownFileType = sourcecode.swift; name = MapViewController.swift; path = ../MapViewController.swift; sourceTree = "<group>"; };
/* End PBXFileReference section */

/* Begin PBXFrameworksBuildPhase section */
		2E99E9E31CAB45F600E10667 /* Frameworks */ = {
			isa = PBXFrameworksBuildPhase;
			buildActionMask = 2147483647;
			files = (
			);
			runOnlyForDeploymentPostprocessing = 0;
		};
/* End PBXFrameworksBuildPhase section */

/* Begin PBXGroup section */
		2E99E9DD1CAB45F600E10667 = {
			isa = PBXGroup;
			children = (
				2E99E9E81CAB45F600E10667 /* MapTracer */,
				2E99E9E71CAB45F600E10667 /* Products */,
			);
			sourceTree = "<group>";
		};
		2E99E9E71CAB45F600E10667 /* Products */ = {
			isa = PBXGroup;
			children = (
				2E99E9E61CAB45F600E10667 /* MapTracer.app */,
			);
			name = Products;
			sourceTree = "<group>";
		};
		2E99E9E81CAB45F600E10667 /* MapTracer */ = {
			isa = PBXGroup;
			children = (
				2E99E9FC1CAB49EB00E10667 /* Modules */,
				2E99E9FB1CAB49B300E10667 /* Controllers */,
				2E99E9E91CAB45F600E10667 /* AppDelegate.swift */,
				2E99E9ED1CAB45F600E10667 /* Main.storyboard */,
				2E99E9F01CAB45F600E10667 /* Assets.xcassets */,
				2E99E9F21CAB45F600E10667 /* LaunchScreen.storyboard */,
				2E99E9F51CAB45F600E10667 /* Info.plist */,
			);
			path = MapTracer;
			sourceTree = "<group>";
		};
		2E99E9FB1CAB49B300E10667 /* Controllers */ = {
			isa = PBXGroup;
			children = (
				2E99E9FF1CAB4FBC00E10667 /* MapViewController.swift */,
				2E99E9EB1CAB45F600E10667 /* MainMenuController.swift */,
			);
			name = Controllers;
			sourceTree = "<group>";
		};
		2E99E9FC1CAB49EB00E10667 /* Modules */ = {
			isa = PBXGroup;
			children = (
				2E99E9FD1CAB4A1200E10667 /* MainModule.swift */,
			);
			name = Modules;
			sourceTree = "<group>";
		};
/* End PBXGroup section */

/* Begin PBXNativeTarget section */
		2E99E9E51CAB45F600E10667 /* MapTracer */ = {
			isa = PBXNativeTarget;
			buildConfigurationList = 2E99E9F81CAB45F600E10667 /* Build configuration list for PBXNativeTarget "MapTracer" */;
			buildPhases = (
				2E99E9E21CAB45F600E10667 /* Sources */,
				2E99E9E31CAB45F600E10667 /* Frameworks */,
				2E99E9E41CAB45F600E10667 /* Resources */,
			);
			buildRules = (
			);
			dependencies = (
			);
			name = MapTracer;
			productName = MapTracer;
			productReference = 2E99E9E61CAB45F600E10667 /* MapTracer.app */;
			productType = "com.apple.product-type.application";
		};
/* End PBXNativeTarget section */

/* Begin PBXProject section */
		2E99E9DE1CAB45F600E10667 /* Project object */ = {
			isa = PBXProject;
			attributes = {
				LastSwiftUpdateCheck = 0720;
				LastUpgradeCheck = 0720;
				ORGANIZATIONNAME = "Seyyed Sajjadpour";
				TargetAttributes = {
					2E99E9E51CAB45F600E10667 = {
						CreatedOnToolsVersion = 7.2.1;
					};
				};
			};
			buildConfigurationList = 2E99E9E11CAB45F600E10667 /* Build configuration list for PBXProject "MapTracer" */;
			compatibilityVersion = "Xcode 3.2";
			developmentRegion = English;
			hasScannedForEncodings = 0;
			knownRegions = (
				en,
				Base,
			);
			mainGroup = 2E99E9DD1CAB45F600E10667;
			productRefGroup = 2E99E9E71CAB45F600E10667 /* Products */;
			projectDirPath = "";
			projectRoot = "";
			targets = (
				2E99E9E51CAB45F600E10667 /* MapTracer */,
			);
		};
/* End PBXProject section */

/* Begin PBXResourcesBuildPhase section */
		2E99E9E41CAB45F600E10667 /* Resources */ = {
			isa = PBXResourcesBuildPhase;
			buildActionMask = 2147483647;
			files = (
				2E99E9F41CAB45F600E10667 /* LaunchScreen.storyboard in Resources */,
				2E99E9F11CAB45F600E10667 /* Assets.xcassets in Resources */,
				2E99E9EF1CAB45F600E10667 /* Main.storyboard in Resources */,
			);
			runOnlyForDeploymentPostprocessing = 0;
		};
/* End PBXResourcesBuildPhase section */

/* Begin PBXSourcesBuildPhase section */
		2E99E9E21CAB45F600E10667 /* Sources */ = {
			isa = PBXSourcesBuildPhase;
			buildActionMask = 2147483647;
			files = (
				2E99E9EC1CAB45F600E10667 /* MainMenuController.swift in Sources */,
				2E99E9FE1CAB4A1200E10667 /* MainModule.swift in Sources */,
				2E99E9EA1CAB45F600E10667 /* AppDelegate.swift in Sources */,
				2E99EA001CAB4FBC00E10667 /* MapViewController.swift in Sources */,
			);
			runOnlyForDeploymentPostprocessing = 0;
		};
/* End PBXSourcesBuildPhase section */

/* Begin PBXVariantGroup section */
		2E99E9ED1CAB45F600E10667 /* Main.storyboard */ = {
			isa = PBXVariantGroup;
			children = (
				2E99E9EE1CAB45F600E10667 /* Base */,
			);
			name = Main.storyboard;
			sourceTree = "<group>";
		};
		2E99E9F21CAB45F600E10667 /* LaunchScreen.storyboard */ = {
			isa = PBXVariantGroup;
			children = (
				2E99E9F31CAB45F600E10667 /* Base */,
			);
			name = LaunchScreen.storyboard;
			sourceTree = "<group>";
		};
/* End PBXVariantGroup section */

/* Begin XCBuildConfiguration section */
		2E99E9F61CAB45F600E10667 /* Debug */ = {
			isa = XCBuildConfiguration;
			buildSettings = {
				ALWAYS_SEARCH_USER_PATHS = NO;
				CLANG_CXX_LANGUAGE_STANDARD = "gnu++0x";
				CLANG_CXX_LIBRARY = "libc++";
				CLANG_ENABLE_MODULES = YES;
				CLANG_ENABLE_OBJC_ARC = YES;
				CLANG_WARN_BOOL_CONVERSION = YES;
				CLANG_WARN_CONSTANT_CONVERSION = YES;
				CLANG_WARN_DIRECT_OBJC_ISA_USAGE = YES_ERROR;
				CLANG_WARN_EMPTY_BODY = YES;
				CLANG_WARN_ENUM_CONVERSION = YES;
				CLANG_WARN_INT_CONVERSION = YES;
				CLANG_WARN_OBJC_ROOT_CLASS = YES_ERROR;
				CLANG_WARN_UNREACHABLE_CODE = YES;
				CLANG_WARN__DUPLICATE_METHOD_MATCH = YES;
				"CODE_SIGN_IDENTITY[sdk=iphoneos*]" = "iPhone Developer";
				COPY_PHASE_STRIP = NO;
				DEBUG_INFORMATION_FORMAT = dwarf;
				ENABLE_STRICT_OBJC_MSGSEND = YES;
				ENABLE_TESTABILITY = YES;
				GCC_C_LANGUAGE_STANDARD = gnu99;
				GCC_DYNAMIC_NO_PIC = NO;
				GCC_NO_COMMON_BLOCKS = YES;
				GCC_OPTIMIZATION_LEVEL = 0;
				GCC_PREPROCESSOR_DEFINITIONS = (
					"DEBUG=1",
					"$(inherited)",
				);
				GCC_WARN_64_TO_32_BIT_CONVERSION = YES;
				GCC_WARN_ABOUT_RETURN_TYPE = YES_ERROR;
				GCC_WARN_UNDECLARED_SELECTOR = YES;
				GCC_WARN_UNINITIALIZED_AUTOS = YES_AGGRESSIVE;
				GCC_WARN_UNUSED_FUNCTION = YES;
				GCC_WARN_UNUSED_VARIABLE = YES;
				IPHONEOS_DEPLOYMENT_TARGET = 9.2;
				MTL_ENABLE_DEBUG_INFO = YES;
				ONLY_ACTIVE_ARCH = YES;
				SDKROOT = iphoneos;
				SWIFT_OPTIMIZATION_LEVEL = "-Onone";
				TARGETED_DEVICE_FAMILY = "1,2";
			};
			name = Debug;
		};
		2E99E9F71CAB45F600E10667 /* Release */ = {
			isa = XCBuildConfiguration;
			buildSettings = {
				ALWAYS_SEARCH_USER_PATHS = NO;
				CLANG_CXX_LANGUAGE_STANDARD = "gnu++0x";
				CLANG_CXX_LIBRARY = "libc++";
				CLANG_ENABLE_MODULES = YES;
				CLANG_ENABLE_OBJC_ARC = YES;
				CLANG_WARN_BOOL_CONVERSION = YES;
				CLANG_WARN_CONSTANT_CONVERSION = YES;
				CLANG_WARN_DIRECT_OBJC_ISA_USAGE = YES_ERROR;
				CLANG_WARN_EMPTY_BODY = YES;
				CLANG_WARN_ENUM_CONVERSION = YES;
				CLANG_WARN_INT_CONVERSION = YES;
				CLANG_WARN_OBJC_ROOT_CLASS = YES_ERROR;
				CLANG_WARN_UNREACHABLE_CODE = YES;
				CLANG_WARN__DUPLICATE_METHOD_MATCH = YES;
				"CODE_SIGN_IDENTITY[sdk=iphoneos*]" = "iPhone Developer";
				COPY_PHASE_STRIP = NO;
				DEBUG_INFORMATION_FORMAT = "dwarf-with-dsym";
				ENABLE_NS_ASSERTIONS = NO;
				ENABLE_STRICT_OBJC_MSGSEND = YES;
				GCC_C_LANGUAGE_STANDARD = gnu99;
				GCC_NO_COMMON_BLOCKS = YES;
				GCC_WARN_64_TO_32_BIT_CONVERSION = YES;
				GCC_WARN_ABOUT_RETURN_TYPE = YES_ERROR;
				GCC_WARN_UNDECLARED_SELECTOR = YES;
				GCC_WARN_UNINITIALIZED_AUTOS = YES_AGGRESSIVE;
				GCC_WARN_UNUSED_FUNCTION = YES;
				GCC_WARN_UNUSED_VARIABLE = YES;
				IPHONEOS_DEPLOYMENT_TARGET = 9.2;
				MTL_ENABLE_DEBUG_INFO = NO;
				SDKROOT = iphoneos;
				TARGETED_DEVICE_FAMILY = "1,2";
				VALIDATE_PRODUCT = YES;
			};
			name = Release;
		};
		2E99E9F91CAB45F600E10667 /* Debug */ = {
			isa = XCBuildConfiguration;
			buildSettings = {
				ASSETCATALOG_COMPILER_APPICON_NAME = AppIcon;
				INFOPLIST_FILE = MapTracer/Info.plist;
				LD_RUNPATH_SEARCH_PATHS = "$(inherited) @executable_path/Frameworks";
				PRODUCT_BUNDLE_IDENTIFIER = com.mpls.MapTracer.MapTracer;
				PRODUCT_NAME = "$(TARGET_NAME)";
			};
			name = Debug;
		};
		2E99E9FA1CAB45F600E10667 /* Release */ = {
			isa = XCBuildConfiguration;
			buildSettings = {
				ASSETCATALOG_COMPILER_APPICON_NAME = AppIcon;
				INFOPLIST_FILE = MapTracer/Info.plist;
				LD_RUNPATH_SEARCH_PATHS = "$(inherited) @executable_path/Frameworks";
				PRODUCT_BUNDLE_IDENTIFIER = com.mpls.MapTracer.MapTracer;
				PRODUCT_NAME = "$(TARGET_NAME)";
			};
			name = Release;
		};
/* End XCBuildConfiguration section */

/* Begin XCConfigurationList section */
		2E99E9E11CAB45F600E10667 /* Build configuration list for PBXProject "MapTracer" */ = {
			isa = XCConfigurationList;
			buildConfigurations = (
				2E99E9F61CAB45F600E10667 /* Debug */,
				2E99E9F71CAB45F600E10667 /* Release */,
			);
			defaultConfigurationIsVisible = 0;
			defaultConfigurationName = Release;
		};
		2E99E9F81CAB45F600E10667 /* Build configuration list for PBXNativeTarget "MapTracer" */ = {
			isa = XCConfigurationList;
			buildConfigurations = (
				2E99E9F91CAB45F600E10667 /* Debug */,
				2E99E9FA1CAB45F600E10667 /* Release */,
			);
			defaultConfigurationIsVisible = 0;
		};
/* End XCConfigurationList section */
	};
	rootObject = 2E99E9DE1CAB45F600E10667 /* Project object */;
}
